// !$*UTF8*$!
{
	archiveVersion = 1;
	classes = {
	};
	objectVersion = 46;
	objects = {

/* Begin PBXBuildFile section */
		504AB2F61BB0109F001937AF /* main.m in Sources */ = {isa = PBXBuildFile; fileRef = 504AB2F51BB0109F001937AF /* main.m */; };
		504AB2F91BB0109F001937AF /* AppDelegate.m in Sources */ = {isa = PBXBuildFile; fileRef = 504AB2F81BB0109F001937AF /* AppDelegate.m */; };
		504AB2FC1BB0109F001937AF /* ViewController.m in Sources */ = {isa = PBXBuildFile; fileRef = 504AB2FB1BB0109F001937AF /* ViewController.m */; };
		504AB2FF1BB0109F001937AF /* Main.storyboard in Resources */ = {isa = PBXBuildFile; fileRef = 504AB2FD1BB0109F001937AF /* Main.storyboard */; };
		504AB3011BB0109F001937AF /* Images.xcassets in Resources */ = {isa = PBXBuildFile; fileRef = 504AB3001BB0109F001937AF /* Images.xcassets */; };
		504AB3041BB0109F001937AF /* LaunchScreen.xib in Resources */ = {isa = PBXBuildFile; fileRef = 504AB3021BB0109F001937AF /* LaunchScreen.xib */; };
		50E03DD51C1F0B5C0038BA34 /* CommonViewController.m in Sources */ = {isa = PBXBuildFile; fileRef = 50E03DD41C1F0B5C0038BA34 /* CommonViewController.m */; };
		50E03DD91C206CBD0038BA34 /* Common1ViewController.m in Sources */ = {isa = PBXBuildFile; fileRef = 50E03DD81C206CBD0038BA34 /* Common1ViewController.m */; };
		50E03DF71C2104860038BA34 /* MXMessage.m in Sources */ = {isa = PBXBuildFile; fileRef = 50E03DE01C2104860038BA34 /* MXMessage.m */; };
		50E03DF81C2104860038BA34 /* MXPageMessage.m in Sources */ = {isa = PBXBuildFile; fileRef = 50E03DE21C2104860038BA34 /* MXPageMessage.m */; };
		50E03DF91C2104860038BA34 /* BaseAnimate.m in Sources */ = {isa = PBXBuildFile; fileRef = 50E03DE61C2104860038BA34 /* BaseAnimate.m */; };
		50E03DFA1C2104860038BA34 /* MXAnimateHelper.m in Sources */ = {isa = PBXBuildFile; fileRef = 50E03DE81C2104860038BA34 /* MXAnimateHelper.m */; };
		50E03DFB1C2104860038BA34 /* R2LAnimate.m in Sources */ = {isa = PBXBuildFile; fileRef = 50E03DEA1C2104860038BA34 /* R2LAnimate.m */; };
		50E03DFC1C2104860038BA34 /* MXNavigator.m in Sources */ = {isa = PBXBuildFile; fileRef = 50E03DEC1C2104860038BA34 /* MXNavigator.m */; };
		50E03DFD1C2104860038BA34 /* UIViewController+generate.m in Sources */ = {isa = PBXBuildFile; fileRef = 50E03DEE1C2104860038BA34 /* UIViewController+generate.m */; };
		50E03DFE1C2104860038BA34 /* UIViewController+gesture.m in Sources */ = {isa = PBXBuildFile; fileRef = 50E03DF01C2104860038BA34 /* UIViewController+gesture.m */; };
		50E03DFF1C2104860038BA34 /* UIViewController+mxNavi.m in Sources */ = {isa = PBXBuildFile; fileRef = 50E03DF21C2104860038BA34 /* UIViewController+mxNavi.m */; };
		50E03E001C2104860038BA34 /* NSString+Parser.m in Sources */ = {isa = PBXBuildFile; fileRef = 50E03DF61C2104860038BA34 /* NSString+Parser.m */; };
/* End PBXBuildFile section */

/* Begin PBXContainerItemProxy section */
		504AB30A1BB0109F001937AF /* PBXContainerItemProxy */ = {
			isa = PBXContainerItemProxy;
			containerPortal = 504AB2E81BB0109F001937AF /* Project object */;
			proxyType = 1;
			remoteGlobalIDString = 504AB2EF1BB0109F001937AF;
			remoteInfo = MXNavigationController;
		};
/* End PBXContainerItemProxy section */

/* Begin PBXFileReference section */
		504AB2F01BB0109F001937AF /* MXNavigationController.app */ = {isa = PBXFileReference; explicitFileType = wrapper.application; includeInIndex = 0; path = MXNavigationController.app; sourceTree = BUILT_PRODUCTS_DIR; };
		504AB2F41BB0109F001937AF /* Info.plist */ = {isa = PBXFileReference; lastKnownFileType = text.plist.xml; path = Info.plist; sourceTree = "<group>"; };
		504AB2F51BB0109F001937AF /* main.m */ = {isa = PBXFileReference; lastKnownFileType = sourcecode.c.objc; path = main.m; sourceTree = "<group>"; };
		504AB2F71BB0109F001937AF /* AppDelegate.h */ = {isa = PBXFileReference; lastKnownFileType = sourcecode.c.h; path = AppDelegate.h; sourceTree = "<group>"; };
		504AB2F81BB0109F001937AF /* AppDelegate.m */ = {isa = PBXFileReference; lastKnownFileType = sourcecode.c.objc; path = AppDelegate.m; sourceTree = "<group>"; };
		504AB2FA1BB0109F001937AF /* ViewController.h */ = {isa = PBXFileReference; lastKnownFileType = sourcecode.c.h; path = ViewController.h; sourceTree = "<group>"; };
		504AB2FB1BB0109F001937AF /* ViewController.m */ = {isa = PBXFileReference; lastKnownFileType = sourcecode.c.objc; path = ViewController.m; sourceTree = "<group>"; };
		504AB2FE1BB0109F001937AF /* Base */ = {isa = PBXFileReference; lastKnownFileType = file.storyboard; name = Base; path = Base.lproj/Main.storyboard; sourceTree = "<group>"; };
		504AB3001BB0109F001937AF /* Images.xcassets */ = {isa = PBXFileReference; lastKnownFileType = folder.assetcatalog; path = Images.xcassets; sourceTree = "<group>"; };
		504AB3031BB0109F001937AF /* Base */ = {isa = PBXFileReference; lastKnownFileType = file.xib; name = Base; path = Base.lproj/LaunchScreen.xib; sourceTree = "<group>"; };
		504AB3091BB0109F001937AF /* MXNavigationControllerTests.xctest */ = {isa = PBXFileReference; explicitFileType = wrapper.cfbundle; includeInIndex = 0; path = MXNavigationControllerTests.xctest; sourceTree = BUILT_PRODUCTS_DIR; };
		50E03DD31C1F0B5C0038BA34 /* CommonViewController.h */ = {isa = PBXFileReference; fileEncoding = 4; lastKnownFileType = sourcecode.c.h; path = CommonViewController.h; sourceTree = "<group>"; };
		50E03DD41C1F0B5C0038BA34 /* CommonViewController.m */ = {isa = PBXFileReference; fileEncoding = 4; lastKnownFileType = sourcecode.c.objc; path = CommonViewController.m; sourceTree = "<group>"; };
		50E03DD71C206CBD0038BA34 /* Common1ViewController.h */ = {isa = PBXFileReference; fileEncoding = 4; lastKnownFileType = sourcecode.c.h; path = Common1ViewController.h; sourceTree = "<group>"; };
		50E03DD81C206CBD0038BA34 /* Common1ViewController.m */ = {isa = PBXFileReference; fileEncoding = 4; lastKnownFileType = sourcecode.c.objc; path = Common1ViewController.m; sourceTree = "<group>"; };
		50E03DDF1C2104860038BA34 /* MXMessage.h */ = {isa = PBXFileReference; fileEncoding = 4; lastKnownFileType = sourcecode.c.h; path = MXMessage.h; sourceTree = "<group>"; };
		50E03DE01C2104860038BA34 /* MXMessage.m */ = {isa = PBXFileReference; fileEncoding = 4; lastKnownFileType = sourcecode.c.objc; path = MXMessage.m; sourceTree = "<group>"; };
		50E03DE11C2104860038BA34 /* MXPageMessage.h */ = {isa = PBXFileReference; fileEncoding = 4; lastKnownFileType = sourcecode.c.h; path = MXPageMessage.h; sourceTree = "<group>"; };
		50E03DE21C2104860038BA34 /* MXPageMessage.m */ = {isa = PBXFileReference; fileEncoding = 4; lastKnownFileType = sourcecode.c.objc; path = MXPageMessage.m; sourceTree = "<group>"; };
		50E03DE51C2104860038BA34 /* BaseAnimate.h */ = {isa = PBXFileReference; fileEncoding = 4; lastKnownFileType = sourcecode.c.h; path = BaseAnimate.h; sourceTree = "<group>"; };
		50E03DE61C2104860038BA34 /* BaseAnimate.m */ = {isa = PBXFileReference; fileEncoding = 4; lastKnownFileType = sourcecode.c.objc; path = BaseAnimate.m; sourceTree = "<group>"; };
		50E03DE71C2104860038BA34 /* MXAnimateHelper.h */ = {isa = PBXFileReference; fileEncoding = 4; lastKnownFileType = sourcecode.c.h; path = MXAnimateHelper.h; sourceTree = "<group>"; };
		50E03DE81C2104860038BA34 /* MXAnimateHelper.m */ = {isa = PBXFileReference; fileEncoding = 4; lastKnownFileType = sourcecode.c.objc; path = MXAnimateHelper.m; sourceTree = "<group>"; };
		50E03DE91C2104860038BA34 /* R2LAnimate.h */ = {isa = PBXFileReference; fileEncoding = 4; lastKnownFileType = sourcecode.c.h; path = R2LAnimate.h; sourceTree = "<group>"; };
		50E03DEA1C2104860038BA34 /* R2LAnimate.m */ = {isa = PBXFileReference; fileEncoding = 4; lastKnownFileType = sourcecode.c.objc; path = R2LAnimate.m; sourceTree = "<group>"; };
		50E03DEB1C2104860038BA34 /* MXNavigator.h */ = {isa = PBXFileReference; fileEncoding = 4; lastKnownFileType = sourcecode.c.h; path = MXNavigator.h; sourceTree = "<group>"; };
		50E03DEC1C2104860038BA34 /* MXNavigator.m */ = {isa = PBXFileReference; fileEncoding = 4; lastKnownFileType = sourcecode.c.objc; path = MXNavigator.m; sourceTree = "<group>"; };
		50E03DED1C2104860038BA34 /* UIViewController+generate.h */ = {isa = PBXFileReference; fileEncoding = 4; lastKnownFileType = sourcecode.c.h; path = "UIViewController+generate.h"; sourceTree = "<group>"; };
		50E03DEE1C2104860038BA34 /* UIViewController+generate.m */ = {isa = PBXFileReference; fileEncoding = 4; lastKnownFileType = sourcecode.c.objc; path = "UIViewController+generate.m"; sourceTree = "<group>"; };
		50E03DEF1C2104860038BA34 /* UIViewController+gesture.h */ = {isa = PBXFileReference; fileEncoding = 4; lastKnownFileType = sourcecode.c.h; path = "UIViewController+gesture.h"; sourceTree = "<group>"; };
		50E03DF01C2104860038BA34 /* UIViewController+gesture.m */ = {isa = PBXFileReference; fileEncoding = 4; lastKnownFileType = sourcecode.c.objc; path = "UIViewController+gesture.m"; sourceTree = "<group>"; };
		50E03DF11C2104860038BA34 /* UIViewController+mxNavi.h */ = {isa = PBXFileReference; fileEncoding = 4; lastKnownFileType = sourcecode.c.h; path = "UIViewController+mxNavi.h"; sourceTree = "<group>"; };
		50E03DF21C2104860038BA34 /* UIViewController+mxNavi.m */ = {isa = PBXFileReference; fileEncoding = 4; lastKnownFileType = sourcecode.c.objc; path = "UIViewController+mxNavi.m"; sourceTree = "<group>"; };
		50E03DF31C2104860038BA34 /* MXNavigator.h */ = {isa = PBXFileReference; fileEncoding = 4; lastKnownFileType = sourcecode.c.h; path = MXNavigator.h; sourceTree = "<group>"; };
		50E03DF51C2104860038BA34 /* NSString+Parser.h */ = {isa = PBXFileReference; fileEncoding = 4; lastKnownFileType = sourcecode.c.h; path = "NSString+Parser.h"; sourceTree = "<group>"; };
		50E03DF61C2104860038BA34 /* NSString+Parser.m */ = {isa = PBXFileReference; fileEncoding = 4; lastKnownFileType = sourcecode.c.objc; path = "NSString+Parser.m"; sourceTree = "<group>"; };
/* End PBXFileReference section */

/* Begin PBXFrameworksBuildPhase section */
		504AB2ED1BB0109F001937AF /* Frameworks */ = {
			isa = PBXFrameworksBuildPhase;
			buildActionMask = 2147483647;
			files = (
			);
			runOnlyForDeploymentPostprocessing = 0;
		};
		504AB3061BB0109F001937AF /* Frameworks */ = {
			isa = PBXFrameworksBuildPhase;
			buildActionMask = 2147483647;
			files = (
			);
			runOnlyForDeploymentPostprocessing = 0;
		};
/* End PBXFrameworksBuildPhase section */

/* Begin PBXGroup section */
		504AB2E71BB0109F001937AF = {
			isa = PBXGroup;
			children = (
				50E03DDD1C2104860038BA34 /* MXNavigator */,
				504AB2F21BB0109F001937AF /* MXNavigationController */,
				504AB2F11BB0109F001937AF /* Products */,
			);
			sourceTree = "<group>";
		};
		504AB2F11BB0109F001937AF /* Products */ = {
			isa = PBXGroup;
			children = (
				504AB2F01BB0109F001937AF /* MXNavigationController.app */,
				504AB3091BB0109F001937AF /* MXNavigationControllerTests.xctest */,
			);
			name = Products;
			sourceTree = "<group>";
		};
		504AB2F21BB0109F001937AF /* MXNavigationController */ = {
			isa = PBXGroup;
			children = (
				504AB2F71BB0109F001937AF /* AppDelegate.h */,
				504AB2F81BB0109F001937AF /* AppDelegate.m */,
				504AB2FA1BB0109F001937AF /* ViewController.h */,
				504AB2FB1BB0109F001937AF /* ViewController.m */,
				50E03DD31C1F0B5C0038BA34 /* CommonViewController.h */,
				50E03DD41C1F0B5C0038BA34 /* CommonViewController.m */,
				50E03DD71C206CBD0038BA34 /* Common1ViewController.h */,
				50E03DD81C206CBD0038BA34 /* Common1ViewController.m */,
				504AB2FD1BB0109F001937AF /* Main.storyboard */,
				504AB3001BB0109F001937AF /* Images.xcassets */,
				504AB3021BB0109F001937AF /* LaunchScreen.xib */,
				504AB2F31BB0109F001937AF /* Supporting Files */,
			);
			path = MXNavigationController;
			sourceTree = "<group>";
		};
		504AB2F31BB0109F001937AF /* Supporting Files */ = {
			isa = PBXGroup;
			children = (
				504AB2F41BB0109F001937AF /* Info.plist */,
				504AB2F51BB0109F001937AF /* main.m */,
			);
			name = "Supporting Files";
			sourceTree = "<group>";
		};
		50E03DDD1C2104860038BA34 /* MXNavigator */ = {
			isa = PBXGroup;
			children = (
				50E03DF41C2104860038BA34 /* MXUtil */,
				50E03DE31C2104860038BA34 /* MXNavigator */,
				50E03DDE1C2104860038BA34 /* MXBase */,
				50E03DF31C2104860038BA34 /* MXNavigator.h */,
			);
			path = MXNavigator;
			sourceTree = "<group>";
		};
		50E03DDE1C2104860038BA34 /* MXBase */ = {
			isa = PBXGroup;
			children = (
				50E03DDF1C2104860038BA34 /* MXMessage.h */,
				50E03DE01C2104860038BA34 /* MXMessage.m */,
				50E03DE11C2104860038BA34 /* MXPageMessage.h */,
				50E03DE21C2104860038BA34 /* MXPageMessage.m */,
			);
			path = MXBase;
			sourceTree = "<group>";
		};
		50E03DE31C2104860038BA34 /* MXNavigator */ = {
			isa = PBXGroup;
			children = (
				50E03DE41C2104860038BA34 /* Animate */,
				50E03DEB1C2104860038BA34 /* MXNavigator.h */,
				50E03DEC1C2104860038BA34 /* MXNavigator.m */,
				50E03DED1C2104860038BA34 /* UIViewController+generate.h */,
				50E03DEE1C2104860038BA34 /* UIViewController+generate.m */,
				50E03DEF1C2104860038BA34 /* UIViewController+gesture.h */,
				50E03DF01C2104860038BA34 /* UIViewController+gesture.m */,
				50E03DF11C2104860038BA34 /* UIViewController+mxNavi.h */,
				50E03DF21C2104860038BA34 /* UIViewController+mxNavi.m */,
			);
			path = MXNavigator;
			sourceTree = "<group>";
		};
		50E03DE41C2104860038BA34 /* Animate */ = {
			isa = PBXGroup;
			children = (
				50E03DE51C2104860038BA34 /* BaseAnimate.h */,
				50E03DE61C2104860038BA34 /* BaseAnimate.m */,
				50E03DE71C2104860038BA34 /* MXAnimateHelper.h */,
				50E03DE81C2104860038BA34 /* MXAnimateHelper.m */,
				50E03DE91C2104860038BA34 /* R2LAnimate.h */,
				50E03DEA1C2104860038BA34 /* R2LAnimate.m */,
			);
			path = Animate;
			sourceTree = "<group>";
		};
		50E03DF41C2104860038BA34 /* MXUtil */ = {
			isa = PBXGroup;
			children = (
				50E03DF51C2104860038BA34 /* NSString+Parser.h */,
				50E03DF61C2104860038BA34 /* NSString+Parser.m */,
			);
			path = MXUtil;
			sourceTree = "<group>";
		};
/* End PBXGroup section */

/* Begin PBXNativeTarget section */
		504AB2EF1BB0109F001937AF /* MXNavigationController */ = {
			isa = PBXNativeTarget;
			buildConfigurationList = 504AB3131BB0109F001937AF /* Build configuration list for PBXNativeTarget "MXNavigationController" */;
			buildPhases = (
				504AB2EC1BB0109F001937AF /* Sources */,
				504AB2ED1BB0109F001937AF /* Frameworks */,
				504AB2EE1BB0109F001937AF /* Resources */,
			);
			buildRules = (
			);
			dependencies = (
			);
			name = MXNavigationController;
			productName = MXNavigationController;
			productReference = 504AB2F01BB0109F001937AF /* MXNavigationController.app */;
			productType = "com.apple.product-type.application";
		};
		504AB3081BB0109F001937AF /* MXNavigationControllerTests */ = {
			isa = PBXNativeTarget;
			buildConfigurationList = 504AB3161BB0109F001937AF /* Build configuration list for PBXNativeTarget "MXNavigationControllerTests" */;
			buildPhases = (
				504AB3051BB0109F001937AF /* Sources */,
				504AB3061BB0109F001937AF /* Frameworks */,
				504AB3071BB0109F001937AF /* Resources */,
			);
			buildRules = (
			);
			dependencies = (
				504AB30B1BB0109F001937AF /* PBXTargetDependency */,
			);
			name = MXNavigationControllerTests;
			productName = MXNavigationControllerTests;
			productReference = 504AB3091BB0109F001937AF /* MXNavigationControllerTests.xctest */;
			productType = "com.apple.product-type.bundle.unit-test";
		};
/* End PBXNativeTarget section */

/* Begin PBXProject section */
		504AB2E81BB0109F001937AF /* Project object */ = {
			isa = PBXProject;
			attributes = {
				LastUpgradeCheck = 0720;
				ORGANIZATIONNAME = Max;
				TargetAttributes = {
					504AB2EF1BB0109F001937AF = {
						CreatedOnToolsVersion = 6.3.2;
					};
					504AB3081BB0109F001937AF = {
						CreatedOnToolsVersion = 6.3.2;
						TestTargetID = 504AB2EF1BB0109F001937AF;
					};
				};
			};
			buildConfigurationList = 504AB2EB1BB0109F001937AF /* Build configuration list for PBXProject "MXNavigationController" */;
			compatibilityVersion = "Xcode 3.2";
			developmentRegion = English;
			hasScannedForEncodings = 0;
			knownRegions = (
				en,
				Base,
			);
			mainGroup = 504AB2E71BB0109F001937AF;
			productRefGroup = 504AB2F11BB0109F001937AF /* Products */;
			projectDirPath = "";
			projectRoot = "";
			targets = (
				504AB2EF1BB0109F001937AF /* MXNavigationController */,
				504AB3081BB0109F001937AF /* MXNavigationControllerTests */,
			);
		};
/* End PBXProject section */

/* Begin PBXResourcesBuildPhase section */
		504AB2EE1BB0109F001937AF /* Resources */ = {
			isa = PBXResourcesBuildPhase;
			buildActionMask = 2147483647;
			files = (
				504AB2FF1BB0109F001937AF /* Main.storyboard in Resources */,
				504AB3041BB0109F001937AF /* LaunchScreen.xib in Resources */,
				504AB3011BB0109F001937AF /* Images.xcassets in Resources */,
			);
			runOnlyForDeploymentPostprocessing = 0;
		};
		504AB3071BB0109F001937AF /* Resources */ = {
			isa = PBXResourcesBuildPhase;
			buildActionMask = 2147483647;
			files = (
			);
			runOnlyForDeploymentPostprocessing = 0;
		};
/* End PBXResourcesBuildPhase section */

/* Begin PBXSourcesBuildPhase section */
		504AB2EC1BB0109F001937AF /* Sources */ = {
			isa = PBXSourcesBuildPhase;
			buildActionMask = 2147483647;
			files = (
				50E03DF71C2104860038BA34 /* MXMessage.m in Sources */,
				50E03DD51C1F0B5C0038BA34 /* CommonViewController.m in Sources */,
				50E03DF91C2104860038BA34 /* BaseAnimate.m in Sources */,
				50E03DD91C206CBD0038BA34 /* Common1ViewController.m in Sources */,
				50E03DFA1C2104860038BA34 /* MXAnimateHelper.m in Sources */,
				50E03DFE1C2104860038BA34 /* UIViewController+gesture.m in Sources */,
				50E03DFD1C2104860038BA34 /* UIViewController+generate.m in Sources */,
				50E03DFF1C2104860038BA34 /* UIViewController+mxNavi.m in Sources */,
				504AB2FC1BB0109F001937AF /* ViewController.m in Sources */,
				50E03E001C2104860038BA34 /* NSString+Parser.m in Sources */,
				504AB2F91BB0109F001937AF /* AppDelegate.m in Sources */,
				50E03DF81C2104860038BA34 /* MXPageMessage.m in Sources */,
				50E03DFC1C2104860038BA34 /* MXNavigator.m in Sources */,
				50E03DFB1C2104860038BA34 /* R2LAnimate.m in Sources */,
				504AB2F61BB0109F001937AF /* main.m in Sources */,
			);
			runOnlyForDeploymentPostprocessing = 0;
		};
		504AB3051BB0109F001937AF /* Sources */ = {
			isa = PBXSourcesBuildPhase;
			buildActionMask = 2147483647;
			files = (
			);
			runOnlyForDeploymentPostprocessing = 0;
		};
/* End PBXSourcesBuildPhase section */

/* Begin PBXTargetDependency section */
		504AB30B1BB0109F001937AF /* PBXTargetDependency */ = {
			isa = PBXTargetDependency;
			target = 504AB2EF1BB0109F001937AF /* MXNavigationController */;
			targetProxy = 504AB30A1BB0109F001937AF /* PBXContainerItemProxy */;
		};
/* End PBXTargetDependency section */

/* Begin PBXVariantGroup section */
		504AB2FD1BB0109F001937AF /* Main.storyboard */ = {
			isa = PBXVariantGroup;
			children = (
				504AB2FE1BB0109F001937AF /* Base */,
			);
			name = Main.storyboard;
			sourceTree = "<group>";
		};
		504AB3021BB0109F001937AF /* LaunchScreen.xib */ = {
			isa = PBXVariantGroup;
			children = (
				504AB3031BB0109F001937AF /* Base */,
			);
			name = LaunchScreen.xib;
			sourceTree = "<group>";
		};
/* End PBXVariantGroup section */

/* Begin XCBuildConfiguration section */
		504AB3111BB0109F001937AF /* Debug */ = {
			isa = XCBuildConfiguration;
			buildSettings = {
				ALWAYS_SEARCH_USER_PATHS = NO;
				CLANG_CXX_LANGUAGE_STANDARD = "gnu++0x";
				CLANG_CXX_LIBRARY = "libc++";
				CLANG_ENABLE_MODULES = YES;
				CLANG_ENABLE_OBJC_ARC = YES;
				CLANG_WARN_BOOL_CONVERSION = YES;
				CLANG_WARN_CONSTANT_CONVERSION = YES;
				CLANG_WARN_DIRECT_OBJC_ISA_USAGE = YES_ERROR;
				CLANG_WARN_EMPTY_BODY = YES;
				CLANG_WARN_ENUM_CONVERSION = YES;
				CLANG_WARN_INT_CONVERSION = YES;
				CLANG_WARN_OBJC_ROOT_CLASS = YES_ERROR;
				CLANG_WARN_UNREACHABLE_CODE = YES;
				CLANG_WARN__DUPLICATE_METHOD_MATCH = YES;
				"CODE_SIGN_IDENTITY[sdk=iphoneos*]" = "iPhone Developer";
				COPY_PHASE_STRIP = NO;
				DEBUG_INFORMATION_FORMAT = "dwarf-with-dsym";
				ENABLE_STRICT_OBJC_MSGSEND = YES;
				ENABLE_TESTABILITY = YES;
				GCC_C_LANGUAGE_STANDARD = gnu99;
				GCC_DYNAMIC_NO_PIC = NO;
				GCC_NO_COMMON_BLOCKS = YES;
				GCC_OPTIMIZATION_LEVEL = 0;
				GCC_PREPROCESSOR_DEFINITIONS = (
					"DEBUG=1",
					"$(inherited)",
				);
				GCC_SYMBOLS_PRIVATE_EXTERN = NO;
				GCC_WARN_64_TO_32_BIT_CONVERSION = YES;
				GCC_WARN_ABOUT_RETURN_TYPE = YES_ERROR;
				GCC_WARN_UNDECLARED_SELECTOR = YES;
				GCC_WARN_UNINITIALIZED_AUTOS = YES_AGGRESSIVE;
				GCC_WARN_UNUSED_FUNCTION = YES;
				GCC_WARN_UNUSED_VARIABLE = YES;
				IPHONEOS_DEPLOYMENT_TARGET = 8.3;
				MTL_ENABLE_DEBUG_INFO = YES;
				ONLY_ACTIVE_ARCH = YES;
				SDKROOT = iphoneos;
			};
			name = Debug;
		};
		504AB3121BB0109F001937AF /* Release */ = {
			isa = XCBuildConfiguration;
			buildSettings = {
				ALWAYS_SEARCH_USER_PATHS = NO;
				CLANG_CXX_LANGUAGE_STANDARD = "gnu++0x";
				CLANG_CXX_LIBRARY = "libc++";
				CLANG_ENABLE_MODULES = YES;
				CLANG_ENABLE_OBJC_ARC = YES;
				CLANG_WARN_BOOL_CONVERSION = YES;
				CLANG_WARN_CONSTANT_CONVERSION = YES;
				CLANG_WARN_DIRECT_OBJC_ISA_USAGE = YES_ERROR;
				CLANG_WARN_EMPTY_BODY = YES;
				CLANG_WARN_ENUM_CONVERSION = YES;
				CLANG_WARN_INT_CONVERSION = YES;
				CLANG_WARN_OBJC_ROOT_CLASS = YES_ERROR;
				CLANG_WARN_UNREACHABLE_CODE = YES;
				CLANG_WARN__DUPLICATE_METHOD_MATCH = YES;
				"CODE_SIGN_IDENTITY[sdk=iphoneos*]" = "iPhone Developer";
				COPY_PHASE_STRIP = NO;
				DEBUG_INFORMATION_FORMAT = "dwarf-with-dsym";
				ENABLE_NS_ASSERTIONS = NO;
				ENABLE_STRICT_OBJC_MSGSEND = YES;
				GCC_C_LANGUAGE_STANDARD = gnu99;
				GCC_NO_COMMON_BLOCKS = YES;
				GCC_WARN_64_TO_32_BIT_CONVERSION = YES;
				GCC_WARN_ABOUT_RETURN_TYPE = YES_ERROR;
				GCC_WARN_UNDECLARED_SELECTOR = YES;
				GCC_WARN_UNINITIALIZED_AUTOS = YES_AGGRESSIVE;
				GCC_WARN_UNUSED_FUNCTION = YES;
				GCC_WARN_UNUSED_VARIABLE = YES;
				IPHONEOS_DEPLOYMENT_TARGET = 8.3;
				MTL_ENABLE_DEBUG_INFO = NO;
				SDKROOT = iphoneos;
				VALIDATE_PRODUCT = YES;
			};
			name = Release;
		};
		504AB3141BB0109F001937AF /* Debug */ = {
			isa = XCBuildConfiguration;
			buildSettings = {
				ASSETCATALOG_COMPILER_APPICON_NAME = AppIcon;
				INFOPLIST_FILE = MXNavigationController/Info.plist;
				LD_RUNPATH_SEARCH_PATHS = "$(inherited) @executable_path/Frameworks";
				PRODUCT_BUNDLE_IDENTIFIER = "Max.$(PRODUCT_NAME:rfc1034identifier)";
				PRODUCT_NAME = "$(TARGET_NAME)";
			};
			name = Debug;
		};
		504AB3151BB0109F001937AF /* Release */ = {
			isa = XCBuildConfiguration;
			buildSettings = {
				ASSETCATALOG_COMPILER_APPICON_NAME = AppIcon;
				INFOPLIST_FILE = MXNavigationController/Info.plist;
				LD_RUNPATH_SEARCH_PATHS = "$(inherited) @executable_path/Frameworks";
				PRODUCT_BUNDLE_IDENTIFIER = "Max.$(PRODUCT_NAME:rfc1034identifier)";
				PRODUCT_NAME = "$(TARGET_NAME)";
			};
			name = Release;
		};
		504AB3171BB0109F001937AF /* Debug */ = {
			isa = XCBuildConfiguration;
			buildSettings = {
				BUNDLE_LOADER = "$(TEST_HOST)";
				FRAMEWORK_SEARCH_PATHS = (
					"$(SDKROOT)/Developer/Library/Frameworks",
					"$(inherited)",
				);
				GCC_PREPROCESSOR_DEFINITIONS = (
					"DEBUG=1",
					"$(inherited)",
				);
				HEADER_SEARCH_PATHS = "";
				INFOPLIST_FILE = MXNavigationController/Info.plist;
				LD_RUNPATH_SEARCH_PATHS = "$(inherited) @executable_path/Frameworks @loader_path/Frameworks";
				PRODUCT_BUNDLE_IDENTIFIER = "Max.$(PRODUCT_NAME:rfc1034identifier)";
				PRODUCT_NAME = "$(TARGET_NAME)";
				TEST_HOST = "$(BUILT_PRODUCTS_DIR)/MXNavigationController.app/MXNavigationController";
				USER_HEADER_SEARCH_PATHS = Header/PageNick;
			};
			name = Debug;
		};
		504AB3181BB0109F001937AF /* Release */ = {
			isa = XCBuildConfiguration;
			buildSettings = {
				BUNDLE_LOADER = "$(TEST_HOST)";
				FRAMEWORK_SEARCH_PATHS = (
					"$(SDKROOT)/Developer/Library/Frameworks",
					"$(inherited)",
				);
				HEADER_SEARCH_PATHS = "";
				INFOPLIST_FILE = MXNavigationController/Info.plist;
				LD_RUNPATH_SEARCH_PATHS = "$(inherited) @executable_path/Frameworks @loader_path/Frameworks";
				PRODUCT_BUNDLE_IDENTIFIER = "Max.$(PRODUCT_NAME:rfc1034identifier)";
				PRODUCT_NAME = "$(TARGET_NAME)";
				TEST_HOST = "$(BUILT_PRODUCTS_DIR)/MXNavigationController.app/MXNavigationController";
				USER_HEADER_SEARCH_PATHS = Header/PageNick;
			};
			name = Release;
		};
/* End XCBuildConfiguration section */

/* Begin XCConfigurationList section */
		504AB2EB1BB0109F001937AF /* Build configuration list for PBXProject "MXNavigationController" */ = {
			isa = XCConfigurationList;
			buildConfigurations = (
				504AB3111BB0109F001937AF /* Debug */,
				504AB3121BB0109F001937AF /* Release */,
			);
			defaultConfigurationIsVisible = 0;
			defaultConfigurationName = Release;
		};
		504AB3131BB0109F001937AF /* Build configuration list for PBXNativeTarget "MXNavigationController" */ = {
			isa = XCConfigurationList;
			buildConfigurations = (
				504AB3141BB0109F001937AF /* Debug */,
				504AB3151BB0109F001937AF /* Release */,
			);
			defaultConfigurationIsVisible = 0;
			defaultConfigurationName = Release;
		};
		504AB3161BB0109F001937AF /* Build configuration list for PBXNativeTarget "MXNavigationControllerTests" */ = {
			isa = XCConfigurationList;
			buildConfigurations = (
				504AB3171BB0109F001937AF /* Debug */,
				504AB3181BB0109F001937AF /* Release */,
			);
			defaultConfigurationIsVisible = 0;
			defaultConfigurationName = Release;
		};
/* End XCConfigurationList section */
	};
	rootObject = 504AB2E81BB0109F001937AF /* Project object */;
}
